Microsoft Visual Studio Solution File, Format Version 11.00
# Visual Studio 2008

Project("{2CB7341D-2A31-4047-D21C-B380DE7EAC3C}") = "Game Jam Game", "Assembly-CSharp.csproj", "{88A35C5D-F39E-7E02-9754-B0C296E83F4D}"
EndProject
Global
	GlobalSection(SolutionConfigurationPlatforms) = preSolution
		Debug|Any CPU = Debug|Any CPU
		Release|Any CPU = Release|Any CPU
	EndGlobalSection
	GlobalSection(ProjectConfigurationPlatforms) = postSolution
		{88A35C5D-F39E-7E02-9754-B0C296E83F4D}.Debug|Any CPU.ActiveCfg = Debug|Any CPU
		{88A35C5D-F39E-7E02-9754-B0C296E83F4D}.Debug|Any CPU.Build.0 = Debug|Any CPU
		{88A35C5D-F39E-7E02-9754-B0C296E83F4D}.Release|Any CPU.ActiveCfg = Release|Any CPU
		{88A35C5D-F39E-7E02-9754-B0C296E83F4D}.Release|Any CPU.Build.0 = Release|Any CPU
	EndGlobalSection
	GlobalSection(SolutionProperties) = preSolution
		HideSolutionNode = FALSE
	EndGlobalSection
	GlobalSection(MonoDevelopProperties) = preSolution
		StartupItem = Assembly-CSharp.csproj
	EndGlobalSection
EndGlobal
